
Microsoft Visual Studio Solution File, Format Version 12.00
# Visual Studio Version 16
VisualStudioVersion = 16.0.30503.244
MinimumVisualStudioVersion = 10.0.40219.1
Project("{9A19103F-16F7-4668-BE54-9A1E7A4F7556}") = "CoBooCore", "CoBooCore\CoBooCore.csproj", "{E221D0D8-5BA2-476A-8589-0295D3FEFD4E}"
EndProject
Project("{FAE04EC0-301F-11D3-BF4B-00C04F79EFBC}") = "CoBooWeb", "CoBooWeb\CoBooWeb.csproj", "{48E6E776-4B3C-47E6-86BD-FF5BE9A93D78}"
EndProject
Global
	GlobalSection(SolutionConfigurationPlatforms) = preSolution
		Debug|Any CPU = Debug|Any CPU
		Release|Any CPU = Release|Any CPU
	EndGlobalSection
	GlobalSection(ProjectConfigurationPlatforms) = postSolution
		{E221D0D8-5BA2-476A-8589-0295D3FEFD4E}.Debug|Any CPU.ActiveCfg = Debug|Any CPU
		{E221D0D8-5BA2-476A-8589-0295D3FEFD4E}.Debug|Any CPU.Build.0 = Debug|Any CPU
		{E221D0D8-5BA2-476A-8589-0295D3FEFD4E}.Release|Any CPU.ActiveCfg = Release|Any CPU
		{E221D0D8-5BA2-476A-8589-0295D3FEFD4E}.Release|Any CPU.Build.0 = Release|Any CPU
		{48E6E776-4B3C-47E6-86BD-FF5BE9A93D78}.Debug|Any CPU.ActiveCfg = Debug|Any CPU
		{48E6E776-4B3C-47E6-86BD-FF5BE9A93D78}.Debug|Any CPU.Build.0 = Debug|Any CPU
		{48E6E776-4B3C-47E6-86BD-FF5BE9A93D78}.Release|Any CPU.ActiveCfg = Release|Any CPU
		{48E6E776-4B3C-47E6-86BD-FF5BE9A93D78}.Release|Any CPU.Build.0 = Release|Any CPU
	EndGlobalSection
	GlobalSection(SolutionProperties) = preSolution
		HideSolutionNode = FALSE
	EndGlobalSection
	GlobalSection(ExtensibilityGlobals) = postSolution
		SolutionGuid = {EB86EFA5-E2F9-407E-9141-C7901C7C93AD}
	EndGlobalSection
EndGlobal
